// !$*UTF8*$!
{
	archiveVersion = 1;
	classes = {
	};
	objectVersion = 50;
	objects = {

/* Begin PBXBuildFile section */
		6E13FB742597F03B0097F3F0 /* AppDelegate.swift in Sources */ = {isa = PBXBuildFile; fileRef = 6E13FB732597F03B0097F3F0 /* AppDelegate.swift */; };
		6E13FB762597F03B0097F3F0 /* SceneDelegate.swift in Sources */ = {isa = PBXBuildFile; fileRef = 6E13FB752597F03B0097F3F0 /* SceneDelegate.swift */; };
		6E13FB7D2597F03C0097F3F0 /* Assets.xcassets in Resources */ = {isa = PBXBuildFile; fileRef = 6E13FB7C2597F03C0097F3F0 /* Assets.xcassets */; };
		6E13FB802597F03C0097F3F0 /* LaunchScreen.storyboard in Resources */ = {isa = PBXBuildFile; fileRef = 6E13FB7E2597F03C0097F3F0 /* LaunchScreen.storyboard */; };
		6E13FB8B2597F03C0097F3F0 /* GHFollowersTests.swift in Sources */ = {isa = PBXBuildFile; fileRef = 6E13FB8A2597F03C0097F3F0 /* GHFollowersTests.swift */; };
		6E13FB962597F03C0097F3F0 /* GHFollowersUITests.swift in Sources */ = {isa = PBXBuildFile; fileRef = 6E13FB952597F03C0097F3F0 /* GHFollowersUITests.swift */; };
		6E13FBB02598B77F0097F3F0 /* SearchVC.swift in Sources */ = {isa = PBXBuildFile; fileRef = 6E13FBAF2598B77F0097F3F0 /* SearchVC.swift */; };
		6E13FBB52598B7A60097F3F0 /* FavouriteListVC.swift in Sources */ = {isa = PBXBuildFile; fileRef = 6E13FBB42598B7A60097F3F0 /* FavouriteListVC.swift */; };
		6E629B7E2599065000005F79 /* GAVButton.swift in Sources */ = {isa = PBXBuildFile; fileRef = 6E629B7D2599065000005F79 /* GAVButton.swift */; };
		6E629B83259909BE00005F79 /* GAVTextField.swift in Sources */ = {isa = PBXBuildFile; fileRef = 6E629B82259909BE00005F79 /* GAVTextField.swift */; };
		6E629B882599184400005F79 /* FollowerListVC.swift in Sources */ = {isa = PBXBuildFile; fileRef = 6E629B872599184400005F79 /* FollowerListVC.swift */; };
		6E629B8D25992CC100005F79 /* .gitignore in Resources */ = {isa = PBXBuildFile; fileRef = 6E629B8C25992CC100005F79 /* .gitignore */; };
		6E629B9225992D3E00005F79 /* .gitattributes in Resources */ = {isa = PBXBuildFile; fileRef = 6E629B9125992D3E00005F79 /* .gitattributes */; };
		6EEBFCAF259A0CE900DE86EA /* GAVTitleLabel.swift in Sources */ = {isa = PBXBuildFile; fileRef = 6EEBFCAE259A0CE900DE86EA /* GAVTitleLabel.swift */; };
		6EEBFCB4259A0EC200DE86EA /* GAVBodyLabel.swift in Sources */ = {isa = PBXBuildFile; fileRef = 6EEBFCB3259A0EC200DE86EA /* GAVBodyLabel.swift */; };
		6EEBFCB9259A0FBB00DE86EA /* GAVAlertVC.swift in Sources */ = {isa = PBXBuildFile; fileRef = 6EEBFCB8259A0FBB00DE86EA /* GAVAlertVC.swift */; };
		6EEBFCC6259A1B7800DE86EA /* UIViewController+Ext.swift in Sources */ = {isa = PBXBuildFile; fileRef = 6EEBFCC5259A1B7800DE86EA /* UIViewController+Ext.swift */; };
/* End PBXBuildFile section */

/* Begin PBXContainerItemProxy section */
		6E13FB872597F03C0097F3F0 /* PBXContainerItemProxy */ = {
			isa = PBXContainerItemProxy;
			containerPortal = 6E13FB682597F03B0097F3F0 /* Project object */;
			proxyType = 1;
			remoteGlobalIDString = 6E13FB6F2597F03B0097F3F0;
			remoteInfo = GHFollowers;
		};
		6E13FB922597F03C0097F3F0 /* PBXContainerItemProxy */ = {
			isa = PBXContainerItemProxy;
			containerPortal = 6E13FB682597F03B0097F3F0 /* Project object */;
			proxyType = 1;
			remoteGlobalIDString = 6E13FB6F2597F03B0097F3F0;
			remoteInfo = GHFollowers;
		};
/* End PBXContainerItemProxy section */

/* Begin PBXFileReference section */
		6E13FB702597F03B0097F3F0 /* GithubAPIViewer.app */ = {isa = PBXFileReference; explicitFileType = wrapper.application; includeInIndex = 0; path = GithubAPIViewer.app; sourceTree = BUILT_PRODUCTS_DIR; };
		6E13FB732597F03B0097F3F0 /* AppDelegate.swift */ = {isa = PBXFileReference; lastKnownFileType = sourcecode.swift; path = AppDelegate.swift; sourceTree = "<group>"; };
		6E13FB752597F03B0097F3F0 /* SceneDelegate.swift */ = {isa = PBXFileReference; lastKnownFileType = sourcecode.swift; path = SceneDelegate.swift; sourceTree = "<group>"; };
		6E13FB7C2597F03C0097F3F0 /* Assets.xcassets */ = {isa = PBXFileReference; lastKnownFileType = folder.assetcatalog; path = Assets.xcassets; sourceTree = "<group>"; };
		6E13FB7F2597F03C0097F3F0 /* Base */ = {isa = PBXFileReference; lastKnownFileType = file.storyboard; name = Base; path = Base.lproj/LaunchScreen.storyboard; sourceTree = "<group>"; };
		6E13FB812597F03C0097F3F0 /* Info.plist */ = {isa = PBXFileReference; lastKnownFileType = text.plist.xml; path = Info.plist; sourceTree = "<group>"; };
		6E13FB862597F03C0097F3F0 /* GithubAPIViewerTests.xctest */ = {isa = PBXFileReference; explicitFileType = wrapper.cfbundle; includeInIndex = 0; path = GithubAPIViewerTests.xctest; sourceTree = BUILT_PRODUCTS_DIR; };
		6E13FB8A2597F03C0097F3F0 /* GHFollowersTests.swift */ = {isa = PBXFileReference; lastKnownFileType = sourcecode.swift; path = GHFollowersTests.swift; sourceTree = "<group>"; };
		6E13FB8C2597F03C0097F3F0 /* Info.plist */ = {isa = PBXFileReference; lastKnownFileType = text.plist.xml; path = Info.plist; sourceTree = "<group>"; };
		6E13FB912597F03C0097F3F0 /* GithubAPIViewerUITests.xctest */ = {isa = PBXFileReference; explicitFileType = wrapper.cfbundle; includeInIndex = 0; path = GithubAPIViewerUITests.xctest; sourceTree = BUILT_PRODUCTS_DIR; };
		6E13FB952597F03C0097F3F0 /* GHFollowersUITests.swift */ = {isa = PBXFileReference; lastKnownFileType = sourcecode.swift; path = GHFollowersUITests.swift; sourceTree = "<group>"; };
		6E13FB972597F03C0097F3F0 /* Info.plist */ = {isa = PBXFileReference; lastKnownFileType = text.plist.xml; path = Info.plist; sourceTree = "<group>"; };
		6E13FBAF2598B77F0097F3F0 /* SearchVC.swift */ = {isa = PBXFileReference; lastKnownFileType = sourcecode.swift; path = SearchVC.swift; sourceTree = "<group>"; };
		6E13FBB42598B7A60097F3F0 /* FavouriteListVC.swift */ = {isa = PBXFileReference; lastKnownFileType = sourcecode.swift; path = FavouriteListVC.swift; sourceTree = "<group>"; };
		6E629B792598CBC500005F79 /* README.md */ = {isa = PBXFileReference; lastKnownFileType = net.daringfireball.markdown; path = README.md; sourceTree = "<group>"; };
		6E629B7D2599065000005F79 /* GAVButton.swift */ = {isa = PBXFileReference; lastKnownFileType = sourcecode.swift; path = GAVButton.swift; sourceTree = "<group>"; };
		6E629B82259909BE00005F79 /* GAVTextField.swift */ = {isa = PBXFileReference; lastKnownFileType = sourcecode.swift; path = GAVTextField.swift; sourceTree = "<group>"; };
		6E629B872599184400005F79 /* FollowerListVC.swift */ = {isa = PBXFileReference; lastKnownFileType = sourcecode.swift; path = FollowerListVC.swift; sourceTree = "<group>"; };
		6E629B8C25992CC100005F79 /* .gitignore */ = {isa = PBXFileReference; lastKnownFileType = text; path = .gitignore; sourceTree = "<group>"; };
		6E629B9125992D3E00005F79 /* .gitattributes */ = {isa = PBXFileReference; lastKnownFileType = text; path = .gitattributes; sourceTree = "<group>"; };
		6EEBFCAE259A0CE900DE86EA /* GAVTitleLabel.swift */ = {isa = PBXFileReference; lastKnownFileType = sourcecode.swift; path = GAVTitleLabel.swift; sourceTree = "<group>"; };
		6EEBFCB3259A0EC200DE86EA /* GAVBodyLabel.swift */ = {isa = PBXFileReference; lastKnownFileType = sourcecode.swift; path = GAVBodyLabel.swift; sourceTree = "<group>"; };
		6EEBFCB8259A0FBB00DE86EA /* GAVAlertVC.swift */ = {isa = PBXFileReference; lastKnownFileType = sourcecode.swift; path = GAVAlertVC.swift; sourceTree = "<group>"; };
		6EEBFCC5259A1B7800DE86EA /* UIViewController+Ext.swift */ = {isa = PBXFileReference; lastKnownFileType = sourcecode.swift; path = "UIViewController+Ext.swift"; sourceTree = "<group>"; };
/* End PBXFileReference section */

/* Begin PBXFrameworksBuildPhase section */
		6E13FB6D2597F03B0097F3F0 /* Frameworks */ = {
			isa = PBXFrameworksBuildPhase;
			buildActionMask = 2147483647;
			files = (
			);
			runOnlyForDeploymentPostprocessing = 0;
		};
		6E13FB832597F03C0097F3F0 /* Frameworks */ = {
			isa = PBXFrameworksBuildPhase;
			buildActionMask = 2147483647;
			files = (
			);
			runOnlyForDeploymentPostprocessing = 0;
		};
		6E13FB8E2597F03C0097F3F0 /* Frameworks */ = {
			isa = PBXFrameworksBuildPhase;
			buildActionMask = 2147483647;
			files = (
			);
			runOnlyForDeploymentPostprocessing = 0;
		};
/* End PBXFrameworksBuildPhase section */

/* Begin PBXGroup section */
		6E13FB672597F03B0097F3F0 = {
			isa = PBXGroup;
			children = (
				6E629B9125992D3E00005F79 /* .gitattributes */,
				6E629B8C25992CC100005F79 /* .gitignore */,
				6E629B792598CBC500005F79 /* README.md */,
				6E13FB722597F03B0097F3F0 /* GithubAPIViewer */,
				6E13FB892597F03C0097F3F0 /* GithubAPIViewerTests */,
				6E13FB942597F03C0097F3F0 /* GithubAPIViewerUITests */,
				6E13FB712597F03B0097F3F0 /* Products */,
			);
			sourceTree = "<group>";
		};
		6E13FB712597F03B0097F3F0 /* Products */ = {
			isa = PBXGroup;
			children = (
				6E13FB702597F03B0097F3F0 /* GithubAPIViewer.app */,
				6E13FB862597F03C0097F3F0 /* GithubAPIViewerTests.xctest */,
				6E13FB912597F03C0097F3F0 /* GithubAPIViewerUITests.xctest */,
			);
			name = Products;
			sourceTree = "<group>";
		};
		6E13FB722597F03B0097F3F0 /* GithubAPIViewer */ = {
			isa = PBXGroup;
			children = (
				6EEBFCCD259A1FCF00DE86EA /* Support */,
				6EEBFCCC259A1F7000DE86EA /* Extensions */,
				6EEBFCCB259A1F3F00DE86EA /* Custom Views */,
				6EEBFCCA259A1F0900DE86EA /* Screens */,
				6E13FB812597F03C0097F3F0 /* Info.plist */,
			);
			path = GithubAPIViewer;
			sourceTree = "<group>";
		};
		6E13FB892597F03C0097F3F0 /* GithubAPIViewerTests */ = {
			isa = PBXGroup;
			children = (
				6E13FB8A2597F03C0097F3F0 /* GHFollowersTests.swift */,
				6E13FB8C2597F03C0097F3F0 /* Info.plist */,
			);
			path = GithubAPIViewerTests;
			sourceTree = "<group>";
		};
		6E13FB942597F03C0097F3F0 /* GithubAPIViewerUITests */ = {
			isa = PBXGroup;
			children = (
				6E13FB952597F03C0097F3F0 /* GHFollowersUITests.swift */,
				6E13FB972597F03C0097F3F0 /* Info.plist */,
			);
			path = GithubAPIViewerUITests;
			sourceTree = "<group>";
		};
		6EEBFCCA259A1F0900DE86EA /* Screens */ = {
			isa = PBXGroup;
			children = (
				6E629B872599184400005F79 /* FollowerListVC.swift */,
				6E13FBB42598B7A60097F3F0 /* FavouriteListVC.swift */,
				6E13FBAF2598B77F0097F3F0 /* SearchVC.swift */,
			);
			path = Screens;
			sourceTree = "<group>";
		};
		6EEBFCCB259A1F3F00DE86EA /* Custom Views */ = {
			isa = PBXGroup;
			children = (
				6E629B82259909BE00005F79 /* GAVTextField.swift */,
				6EEBFCAE259A0CE900DE86EA /* GAVTitleLabel.swift */,
				6EEBFCB3259A0EC200DE86EA /* GAVBodyLabel.swift */,
				6E629B7D2599065000005F79 /* GAVButton.swift */,
			);
			path = "Custom Views";
			sourceTree = "<group>";
		};
		6EEBFCCC259A1F7000DE86EA /* Extensions */ = {
			isa = PBXGroup;
			children = (
				6EEBFCB8259A0FBB00DE86EA /* GAVAlertVC.swift */,
				6EEBFCC5259A1B7800DE86EA /* UIViewController+Ext.swift */,
			);
			path = Extensions;
			sourceTree = "<group>";
		};
		6EEBFCCD259A1FCF00DE86EA /* Support */ = {
			isa = PBXGroup;
			children = (
				6E13FB732597F03B0097F3F0 /* AppDelegate.swift */,
				6E13FB752597F03B0097F3F0 /* SceneDelegate.swift */,
				6E13FB7C2597F03C0097F3F0 /* Assets.xcassets */,
				6E13FB7E2597F03C0097F3F0 /* LaunchScreen.storyboard */,
			);
			path = Support;
			sourceTree = "<group>";
		};
/* End PBXGroup section */

/* Begin PBXNativeTarget section */
		6E13FB6F2597F03B0097F3F0 /* GithubAPIViewer */ = {
			isa = PBXNativeTarget;
			buildConfigurationList = 6E13FB9A2597F03C0097F3F0 /* Build configuration list for PBXNativeTarget "GithubAPIViewer" */;
			buildPhases = (
				6E13FB6C2597F03B0097F3F0 /* Sources */,
				6E13FB6D2597F03B0097F3F0 /* Frameworks */,
				6E13FB6E2597F03B0097F3F0 /* Resources */,
			);
			buildRules = (
			);
			dependencies = (
			);
			name = GithubAPIViewer;
			productName = GHFollowers;
			productReference = 6E13FB702597F03B0097F3F0 /* GithubAPIViewer.app */;
			productType = "com.apple.product-type.application";
		};
		6E13FB852597F03C0097F3F0 /* GithubAPIViewerTests */ = {
			isa = PBXNativeTarget;
			buildConfigurationList = 6E13FB9D2597F03C0097F3F0 /* Build configuration list for PBXNativeTarget "GithubAPIViewerTests" */;
			buildPhases = (
				6E13FB822597F03C0097F3F0 /* Sources */,
				6E13FB832597F03C0097F3F0 /* Frameworks */,
				6E13FB842597F03C0097F3F0 /* Resources */,
			);
			buildRules = (
			);
			dependencies = (
				6E13FB882597F03C0097F3F0 /* PBXTargetDependency */,
			);
			name = GithubAPIViewerTests;
			productName = GHFollowersTests;
			productReference = 6E13FB862597F03C0097F3F0 /* GithubAPIViewerTests.xctest */;
			productType = "com.apple.product-type.bundle.unit-test";
		};
		6E13FB902597F03C0097F3F0 /* GithubAPIViewerUITests */ = {
			isa = PBXNativeTarget;
			buildConfigurationList = 6E13FBA02597F03C0097F3F0 /* Build configuration list for PBXNativeTarget "GithubAPIViewerUITests" */;
			buildPhases = (
				6E13FB8D2597F03C0097F3F0 /* Sources */,
				6E13FB8E2597F03C0097F3F0 /* Frameworks */,
				6E13FB8F2597F03C0097F3F0 /* Resources */,
			);
			buildRules = (
			);
			dependencies = (
				6E13FB932597F03C0097F3F0 /* PBXTargetDependency */,
			);
			name = GithubAPIViewerUITests;
			productName = GHFollowersUITests;
			productReference = 6E13FB912597F03C0097F3F0 /* GithubAPIViewerUITests.xctest */;
			productType = "com.apple.product-type.bundle.ui-testing";
		};
/* End PBXNativeTarget section */

/* Begin PBXProject section */
		6E13FB682597F03B0097F3F0 /* Project object */ = {
			isa = PBXProject;
			attributes = {
				LastSwiftUpdateCheck = 1230;
				LastUpgradeCheck = 1230;
				TargetAttributes = {
					6E13FB6F2597F03B0097F3F0 = {
						CreatedOnToolsVersion = 12.3;
					};
					6E13FB852597F03C0097F3F0 = {
						CreatedOnToolsVersion = 12.3;
						TestTargetID = 6E13FB6F2597F03B0097F3F0;
					};
					6E13FB902597F03C0097F3F0 = {
						CreatedOnToolsVersion = 12.3;
						TestTargetID = 6E13FB6F2597F03B0097F3F0;
					};
				};
			};
			buildConfigurationList = 6E13FB6B2597F03B0097F3F0 /* Build configuration list for PBXProject "GithubAPIViewer" */;
			compatibilityVersion = "Xcode 9.3";
			developmentRegion = en;
			hasScannedForEncodings = 0;
			knownRegions = (
				en,
				Base,
			);
			mainGroup = 6E13FB672597F03B0097F3F0;
			productRefGroup = 6E13FB712597F03B0097F3F0 /* Products */;
			projectDirPath = "";
			projectRoot = "";
			targets = (
				6E13FB6F2597F03B0097F3F0 /* GithubAPIViewer */,
				6E13FB852597F03C0097F3F0 /* GithubAPIViewerTests */,
				6E13FB902597F03C0097F3F0 /* GithubAPIViewerUITests */,
			);
		};
/* End PBXProject section */

/* Begin PBXResourcesBuildPhase section */
		6E13FB6E2597F03B0097F3F0 /* Resources */ = {
			isa = PBXResourcesBuildPhase;
			buildActionMask = 2147483647;
			files = (
				6E13FB802597F03C0097F3F0 /* LaunchScreen.storyboard in Resources */,
				6E629B8D25992CC100005F79 /* .gitignore in Resources */,
				6E13FB7D2597F03C0097F3F0 /* Assets.xcassets in Resources */,
				6E629B9225992D3E00005F79 /* .gitattributes in Resources */,
			);
			runOnlyForDeploymentPostprocessing = 0;
		};
		6E13FB842597F03C0097F3F0 /* Resources */ = {
			isa = PBXResourcesBuildPhase;
			buildActionMask = 2147483647;
			files = (
			);
			runOnlyForDeploymentPostprocessing = 0;
		};
		6E13FB8F2597F03C0097F3F0 /* Resources */ = {
			isa = PBXResourcesBuildPhase;
			buildActionMask = 2147483647;
			files = (
			);
			runOnlyForDeploymentPostprocessing = 0;
		};
/* End PBXResourcesBuildPhase section */

/* Begin PBXSourcesBuildPhase section */
		6E13FB6C2597F03B0097F3F0 /* Sources */ = {
			isa = PBXSourcesBuildPhase;
			buildActionMask = 2147483647;
			files = (
				6E629B83259909BE00005F79 /* GAVTextField.swift in Sources */,
				6EEBFCB4259A0EC200DE86EA /* GAVBodyLabel.swift in Sources */,
				6E13FBB02598B77F0097F3F0 /* SearchVC.swift in Sources */,
				6EEBFCC6259A1B7800DE86EA /* UIViewController+Ext.swift in Sources */,
				6E13FB742597F03B0097F3F0 /* AppDelegate.swift in Sources */,
				6E629B7E2599065000005F79 /* GAVButton.swift in Sources */,
				6E629B882599184400005F79 /* FollowerListVC.swift in Sources */,
				6EEBFCB9259A0FBB00DE86EA /* GAVAlertVC.swift in Sources */,
				6E13FBB52598B7A60097F3F0 /* FavouriteListVC.swift in Sources */,
				6EEBFCAF259A0CE900DE86EA /* GAVTitleLabel.swift in Sources */,
				6E13FB762597F03B0097F3F0 /* SceneDelegate.swift in Sources */,
			);
			runOnlyForDeploymentPostprocessing = 0;
		};
		6E13FB822597F03C0097F3F0 /* Sources */ = {
			isa = PBXSourcesBuildPhase;
			buildActionMask = 2147483647;
			files = (
				6E13FB8B2597F03C0097F3F0 /* GHFollowersTests.swift in Sources */,
			);
			runOnlyForDeploymentPostprocessing = 0;
		};
		6E13FB8D2597F03C0097F3F0 /* Sources */ = {
			isa = PBXSourcesBuildPhase;
			buildActionMask = 2147483647;
			files = (
				6E13FB962597F03C0097F3F0 /* GHFollowersUITests.swift in Sources */,
			);
			runOnlyForDeploymentPostprocessing = 0;
		};
/* End PBXSourcesBuildPhase section */

/* Begin PBXTargetDependency section */
		6E13FB882597F03C0097F3F0 /* PBXTargetDependency */ = {
			isa = PBXTargetDependency;
			target = 6E13FB6F2597F03B0097F3F0 /* GithubAPIViewer */;
			targetProxy = 6E13FB872597F03C0097F3F0 /* PBXContainerItemProxy */;
		};
		6E13FB932597F03C0097F3F0 /* PBXTargetDependency */ = {
			isa = PBXTargetDependency;
			target = 6E13FB6F2597F03B0097F3F0 /* GithubAPIViewer */;
			targetProxy = 6E13FB922597F03C0097F3F0 /* PBXContainerItemProxy */;
		};
/* End PBXTargetDependency section */

/* Begin PBXVariantGroup section */
		6E13FB7E2597F03C0097F3F0 /* LaunchScreen.storyboard */ = {
			isa = PBXVariantGroup;
			children = (
				6E13FB7F2597F03C0097F3F0 /* Base */,
			);
			name = LaunchScreen.storyboard;
			sourceTree = "<group>";
		};
/* End PBXVariantGroup section */

/* Begin XCBuildConfiguration section */
		6E13FB982597F03C0097F3F0 /* Debug */ = {
			isa = XCBuildConfiguration;
			buildSettings = {
				ALWAYS_SEARCH_USER_PATHS = NO;
				CLANG_ANALYZER_NONNULL = YES;
				CLANG_ANALYZER_NUMBER_OBJECT_CONVERSION = YES_AGGRESSIVE;
				CLANG_CXX_LANGUAGE_STANDARD = "gnu++14";
				CLANG_CXX_LIBRARY = "libc++";
				CLANG_ENABLE_MODULES = YES;
				CLANG_ENABLE_OBJC_ARC = YES;
				CLANG_ENABLE_OBJC_WEAK = YES;
				CLANG_WARN_BLOCK_CAPTURE_AUTORELEASING = YES;
				CLANG_WARN_BOOL_CONVERSION = YES;
				CLANG_WARN_COMMA = YES;
				CLANG_WARN_CONSTANT_CONVERSION = YES;
				CLANG_WARN_DEPRECATED_OBJC_IMPLEMENTATIONS = YES;
				CLANG_WARN_DIRECT_OBJC_ISA_USAGE = YES_ERROR;
				CLANG_WARN_DOCUMENTATION_COMMENTS = YES;
				CLANG_WARN_EMPTY_BODY = YES;
				CLANG_WARN_ENUM_CONVERSION = YES;
				CLANG_WARN_INFINITE_RECURSION = YES;
				CLANG_WARN_INT_CONVERSION = YES;
				CLANG_WARN_NON_LITERAL_NULL_CONVERSION = YES;
				CLANG_WARN_OBJC_IMPLICIT_RETAIN_SELF = YES;
				CLANG_WARN_OBJC_LITERAL_CONVERSION = YES;
				CLANG_WARN_OBJC_ROOT_CLASS = YES_ERROR;
				CLANG_WARN_QUOTED_INCLUDE_IN_FRAMEWORK_HEADER = YES;
				CLANG_WARN_RANGE_LOOP_ANALYSIS = YES;
				CLANG_WARN_STRICT_PROTOTYPES = YES;
				CLANG_WARN_SUSPICIOUS_MOVE = YES;
				CLANG_WARN_UNGUARDED_AVAILABILITY = YES_AGGRESSIVE;
				CLANG_WARN_UNREACHABLE_CODE = YES;
				CLANG_WARN__DUPLICATE_METHOD_MATCH = YES;
				COPY_PHASE_STRIP = NO;
				DEBUG_INFORMATION_FORMAT = dwarf;
				ENABLE_STRICT_OBJC_MSGSEND = YES;
				ENABLE_TESTABILITY = YES;
				GCC_C_LANGUAGE_STANDARD = gnu11;
				GCC_DYNAMIC_NO_PIC = NO;
				GCC_NO_COMMON_BLOCKS = YES;
				GCC_OPTIMIZATION_LEVEL = 0;
				GCC_PREPROCESSOR_DEFINITIONS = (
					"DEBUG=1",
					"$(inherited)",
				);
				GCC_WARN_64_TO_32_BIT_CONVERSION = YES;
				GCC_WARN_ABOUT_RETURN_TYPE = YES_ERROR;
				GCC_WARN_UNDECLARED_SELECTOR = YES;
				GCC_WARN_UNINITIALIZED_AUTOS = YES_AGGRESSIVE;
				GCC_WARN_UNUSED_FUNCTION = YES;
				GCC_WARN_UNUSED_VARIABLE = YES;
				IPHONEOS_DEPLOYMENT_TARGET = 14.3;
				MTL_ENABLE_DEBUG_INFO = INCLUDE_SOURCE;
				MTL_FAST_MATH = YES;
				ONLY_ACTIVE_ARCH = YES;
				SDKROOT = iphoneos;
				SWIFT_ACTIVE_COMPILATION_CONDITIONS = DEBUG;
				SWIFT_OPTIMIZATION_LEVEL = "-Onone";
			};
			name = Debug;
		};
		6E13FB992597F03C0097F3F0 /* Release */ = {
			isa = XCBuildConfiguration;
			buildSettings = {
				ALWAYS_SEARCH_USER_PATHS = NO;
				CLANG_ANALYZER_NONNULL = YES;
				CLANG_ANALYZER_NUMBER_OBJECT_CONVERSION = YES_AGGRESSIVE;
				CLANG_CXX_LANGUAGE_STANDARD = "gnu++14";
				CLANG_CXX_LIBRARY = "libc++";
				CLANG_ENABLE_MODULES = YES;
				CLANG_ENABLE_OBJC_ARC = YES;
				CLANG_ENABLE_OBJC_WEAK = YES;
				CLANG_WARN_BLOCK_CAPTURE_AUTORELEASING = YES;
				CLANG_WARN_BOOL_CONVERSION = YES;
				CLANG_WARN_COMMA = YES;
				CLANG_WARN_CONSTANT_CONVERSION = YES;
				CLANG_WARN_DEPRECATED_OBJC_IMPLEMENTATIONS = YES;
				CLANG_WARN_DIRECT_OBJC_ISA_USAGE = YES_ERROR;
				CLANG_WARN_DOCUMENTATION_COMMENTS = YES;
				CLANG_WARN_EMPTY_BODY = YES;
				CLANG_WARN_ENUM_CONVERSION = YES;
				CLANG_WARN_INFINITE_RECURSION = YES;
				CLANG_WARN_INT_CONVERSION = YES;
				CLANG_WARN_NON_LITERAL_NULL_CONVERSION = YES;
				CLANG_WARN_OBJC_IMPLICIT_RETAIN_SELF = YES;
				CLANG_WARN_OBJC_LITERAL_CONVERSION = YES;
				CLANG_WARN_OBJC_ROOT_CLASS = YES_ERROR;
				CLANG_WARN_QUOTED_INCLUDE_IN_FRAMEWORK_HEADER = YES;
				CLANG_WARN_RANGE_LOOP_ANALYSIS = YES;
				CLANG_WARN_STRICT_PROTOTYPES = YES;
				CLANG_WARN_SUSPICIOUS_MOVE = YES;
				CLANG_WARN_UNGUARDED_AVAILABILITY = YES_AGGRESSIVE;
				CLANG_WARN_UNREACHABLE_CODE = YES;
				CLANG_WARN__DUPLICATE_METHOD_MATCH = YES;
				COPY_PHASE_STRIP = NO;
				DEBUG_INFORMATION_FORMAT = "dwarf-with-dsym";
				ENABLE_NS_ASSERTIONS = NO;
				ENABLE_STRICT_OBJC_MSGSEND = YES;
				GCC_C_LANGUAGE_STANDARD = gnu11;
				GCC_NO_COMMON_BLOCKS = YES;
				GCC_WARN_64_TO_32_BIT_CONVERSION = YES;
				GCC_WARN_ABOUT_RETURN_TYPE = YES_ERROR;
				GCC_WARN_UNDECLARED_SELECTOR = YES;
				GCC_WARN_UNINITIALIZED_AUTOS = YES_AGGRESSIVE;
				GCC_WARN_UNUSED_FUNCTION = YES;
				GCC_WARN_UNUSED_VARIABLE = YES;
				IPHONEOS_DEPLOYMENT_TARGET = 14.3;
				MTL_ENABLE_DEBUG_INFO = NO;
				MTL_FAST_MATH = YES;
				SDKROOT = iphoneos;
				SWIFT_COMPILATION_MODE = wholemodule;
				SWIFT_OPTIMIZATION_LEVEL = "-O";
				VALIDATE_PRODUCT = YES;
			};
			name = Release;
		};
		6E13FB9B2597F03C0097F3F0 /* Debug */ = {
			isa = XCBuildConfiguration;
			buildSettings = {
				ASSETCATALOG_COMPILER_APPICON_NAME = AppIcon;
				ASSETCATALOG_COMPILER_GLOBAL_ACCENT_COLOR_NAME = AccentColor;
				CODE_SIGN_STYLE = Automatic;
				DEVELOPMENT_TEAM = J885954X4F;
				INFOPLIST_FILE = GithubAPIViewer/Info.plist;
				LD_RUNPATH_SEARCH_PATHS = (
					"$(inherited)",
					"@executable_path/Frameworks",
				);
				PRODUCT_BUNDLE_IDENTIFIER = com.example.GithubAPIViewer;
				PRODUCT_NAME = "$(TARGET_NAME)";
				SWIFT_VERSION = 5.0;
				TARGETED_DEVICE_FAMILY = "1,2";
			};
			name = Debug;
		};
		6E13FB9C2597F03C0097F3F0 /* Release */ = {
			isa = XCBuildConfiguration;
			buildSettings = {
				ASSETCATALOG_COMPILER_APPICON_NAME = AppIcon;
				ASSETCATALOG_COMPILER_GLOBAL_ACCENT_COLOR_NAME = AccentColor;
				CODE_SIGN_STYLE = Automatic;
				DEVELOPMENT_TEAM = J885954X4F;
				INFOPLIST_FILE = GithubAPIViewer/Info.plist;
				LD_RUNPATH_SEARCH_PATHS = (
					"$(inherited)",
					"@executable_path/Frameworks",
				);
				PRODUCT_BUNDLE_IDENTIFIER = com.example.GithubAPIViewer;
				PRODUCT_NAME = "$(TARGET_NAME)";
				SWIFT_VERSION = 5.0;
				TARGETED_DEVICE_FAMILY = "1,2";
			};
			name = Release;
		};
		6E13FB9E2597F03C0097F3F0 /* Debug */ = {
			isa = XCBuildConfiguration;
			buildSettings = {
				ALWAYS_EMBED_SWIFT_STANDARD_LIBRARIES = YES;
				BUNDLE_LOADER = "$(TEST_HOST)";
				CODE_SIGN_STYLE = Automatic;
				DEVELOPMENT_TEAM = J885954X4F;
				INFOPLIST_FILE = GHFollowersTests/Info.plist;
				IPHONEOS_DEPLOYMENT_TARGET = 14.3;
				LD_RUNPATH_SEARCH_PATHS = (
					"$(inherited)",
					"@executable_path/Frameworks",
					"@loader_path/Frameworks",
				);
				PRODUCT_BUNDLE_IDENTIFIER = com.example.GHFollowersTests;
				PRODUCT_NAME = "$(TARGET_NAME)";
				SWIFT_VERSION = 5.0;
				TARGETED_DEVICE_FAMILY = "1,2";
				TEST_HOST = "$(BUILT_PRODUCTS_DIR)/GHFollowers.app/GHFollowers";
			};
			name = Debug;
		};
		6E13FB9F2597F03C0097F3F0 /* Release */ = {
			isa = XCBuildConfiguration;
			buildSettings = {
				ALWAYS_EMBED_SWIFT_STANDARD_LIBRARIES = YES;
				BUNDLE_LOADER = "$(TEST_HOST)";
				CODE_SIGN_STYLE = Automatic;
				DEVELOPMENT_TEAM = J885954X4F;
				INFOPLIST_FILE = GHFollowersTests/Info.plist;
				IPHONEOS_DEPLOYMENT_TARGET = 14.3;
				LD_RUNPATH_SEARCH_PATHS = (
					"$(inherited)",
					"@executable_path/Frameworks",
					"@loader_path/Frameworks",
				);
				PRODUCT_BUNDLE_IDENTIFIER = com.example.GHFollowersTests;
				PRODUCT_NAME = "$(TARGET_NAME)";
				SWIFT_VERSION = 5.0;
				TARGETED_DEVICE_FAMILY = "1,2";
				TEST_HOST = "$(BUILT_PRODUCTS_DIR)/GHFollowers.app/GHFollowers";
			};
			name = Release;
		};
		6E13FBA12597F03C0097F3F0 /* Debug */ = {
			isa = XCBuildConfiguration;
			buildSettings = {
				ALWAYS_EMBED_SWIFT_STANDARD_LIBRARIES = YES;
				CODE_SIGN_STYLE = Automatic;
				DEVELOPMENT_TEAM = J885954X4F;
				INFOPLIST_FILE = GHFollowersUITests/Info.plist;
				LD_RUNPATH_SEARCH_PATHS = (
					"$(inherited)",
					"@executable_path/Frameworks",
					"@loader_path/Frameworks",
				);
				PRODUCT_BUNDLE_IDENTIFIER = com.example.GHFollowersUITests;
				PRODUCT_NAME = "$(TARGET_NAME)";
				SWIFT_VERSION = 5.0;
				TARGETED_DEVICE_FAMILY = "1,2";
				TEST_TARGET_NAME = GHFollowers;
			};
			name = Debug;
		};
		6E13FBA22597F03C0097F3F0 /* Release */ = {
			isa = XCBuildConfiguration;
			buildSettings = {
				ALWAYS_EMBED_SWIFT_STANDARD_LIBRARIES = YES;
				CODE_SIGN_STYLE = Automatic;
				DEVELOPMENT_TEAM = J885954X4F;
				INFOPLIST_FILE = GHFollowersUITests/Info.plist;
				LD_RUNPATH_SEARCH_PATHS = (
					"$(inherited)",
					"@executable_path/Frameworks",
					"@loader_path/Frameworks",
				);
				PRODUCT_BUNDLE_IDENTIFIER = com.example.GHFollowersUITests;
				PRODUCT_NAME = "$(TARGET_NAME)";
				SWIFT_VERSION = 5.0;
				TARGETED_DEVICE_FAMILY = "1,2";
				TEST_TARGET_NAME = GHFollowers;
			};
			name = Release;
		};
/* End XCBuildConfiguration section */

/* Begin XCConfigurationList section */
		6E13FB6B2597F03B0097F3F0 /* Build configuration list for PBXProject "GithubAPIViewer" */ = {
			isa = XCConfigurationList;
			buildConfigurations = (
				6E13FB982597F03C0097F3F0 /* Debug */,
				6E13FB992597F03C0097F3F0 /* Release */,
			);
			defaultConfigurationIsVisible = 0;
			defaultConfigurationName = Release;
		};
		6E13FB9A2597F03C0097F3F0 /* Build configuration list for PBXNativeTarget "GithubAPIViewer" */ = {
			isa = XCConfigurationList;
			buildConfigurations = (
				6E13FB9B2597F03C0097F3F0 /* Debug */,
				6E13FB9C2597F03C0097F3F0 /* Release */,
			);
			defaultConfigurationIsVisible = 0;
			defaultConfigurationName = Release;
		};
		6E13FB9D2597F03C0097F3F0 /* Build configuration list for PBXNativeTarget "GithubAPIViewerTests" */ = {
			isa = XCConfigurationList;
			buildConfigurations = (
				6E13FB9E2597F03C0097F3F0 /* Debug */,
				6E13FB9F2597F03C0097F3F0 /* Release */,
			);
			defaultConfigurationIsVisible = 0;
			defaultConfigurationName = Release;
		};
		6E13FBA02597F03C0097F3F0 /* Build configuration list for PBXNativeTarget "GithubAPIViewerUITests" */ = {
			isa = XCConfigurationList;
			buildConfigurations = (
				6E13FBA12597F03C0097F3F0 /* Debug */,
				6E13FBA22597F03C0097F3F0 /* Release */,
			);
			defaultConfigurationIsVisible = 0;
			defaultConfigurationName = Release;
		};
/* End XCConfigurationList section */
	};
	rootObject = 6E13FB682597F03B0097F3F0 /* Project object */;
}
